
Microsoft Visual Studio Solution File, Format Version 12.00
# Visual Studio Version 16
VisualStudioVersion = 16.0.29503.13
MinimumVisualStudioVersion = 10.0.40219.1
Project("{888888A0-9F3D-457C-B088-3A5042F75D52}") = "AdventOfCode2019", "AdventOfCode2019\AdventOfCode2019.pyproj", "{6B872541-80ED-41E8-9E1B-A62513A7846C}"
EndProject
Global
	GlobalSection(SolutionConfigurationPlatforms) = preSolution
		Debug|Any CPU = Debug|Any CPU
		Release|Any CPU = Release|Any CPU
	EndGlobalSection
	GlobalSection(ProjectConfigurationPlatforms) = postSolution
		{6B872541-80ED-41E8-9E1B-A62513A7846C}.Debug|Any CPU.ActiveCfg = Debug|Any CPU
		{6B872541-80ED-41E8-9E1B-A62513A7846C}.Release|Any CPU.ActiveCfg = Release|Any CPU
	EndGlobalSection
	GlobalSection(SolutionProperties) = preSolution
		HideSolutionNode = FALSE
	EndGlobalSection
	GlobalSection(ExtensibilityGlobals) = postSolution
		SolutionGuid = {DC1BE175-D59E-47AF-9DD7-89AAE40EF698}
	EndGlobalSection
EndGlobal
